// !$*UTF8*$!
{
	archiveVersion = 1;
	classes = {
	};
	objectVersion = 46;
	objects = {

/* Begin PBXBuildFile section */
		3E30FBA11CE422C7009E9F9C /* main.m in Sources */ = {isa = PBXBuildFile; fileRef = 3E30FBA01CE422C7009E9F9C /* main.m */; };
		3E30FBE51CE4282C009E9F9C /* MainController.m in Sources */ = {isa = PBXBuildFile; fileRef = 3E30FBD91CE4282C009E9F9C /* MainController.m */; };
		3E30FBE61CE4282C009E9F9C /* AppDelegate.m in Sources */ = {isa = PBXBuildFile; fileRef = 3E30FBDE1CE4282C009E9F9C /* AppDelegate.m */; };
		3E86599B1CE5A31200437D0C /* Three.storyboard in Resources */ = {isa = PBXBuildFile; fileRef = 3E86599A1CE5A31200437D0C /* Three.storyboard */; };
		3E86C6541CE4B67700AC4BBD /* Assets.xcassets in Resources */ = {isa = PBXBuildFile; fileRef = 3E86C6531CE4B67700AC4BBD /* Assets.xcassets */; };
		3E86C6571CE4BA6100AC4BBD /* OneController.m in Sources */ = {isa = PBXBuildFile; fileRef = 3E86C6561CE4BA6100AC4BBD /* OneController.m */; };
		3E86C65D1CE4BAC700AC4BBD /* TwoController.m in Sources */ = {isa = PBXBuildFile; fileRef = 3E86C65C1CE4BAC700AC4BBD /* TwoController.m */; };
		3E86C6631CE4BAEA00AC4BBD /* ThreeController.m in Sources */ = {isa = PBXBuildFile; fileRef = 3E86C6621CE4BAEA00AC4BBD /* ThreeController.m */; };
		3E86C6661CE4BAF900AC4BBD /* FourController.m in Sources */ = {isa = PBXBuildFile; fileRef = 3E86C6651CE4BAF900AC4BBD /* FourController.m */; };
		3EDEFE411D2C9EF000D6FD4F /* UIBarButtonItem+QLS.m in Sources */ = {isa = PBXBuildFile; fileRef = 3EDEFE361D2C9EF000D6FD4F /* UIBarButtonItem+QLS.m */; };
		3EDEFE421D2C9EF000D6FD4F /* UINavigationItem+Custom.m in Sources */ = {isa = PBXBuildFile; fileRef = 3EDEFE381D2C9EF000D6FD4F /* UINavigationItem+Custom.m */; };
		3EDEFE431D2C9EF000D6FD4F /* QLSNavigationController.m in Sources */ = {isa = PBXBuildFile; fileRef = 3EDEFE3A1D2C9EF000D6FD4F /* QLSNavigationController.m */; };
		3EDEFE441D2C9EF000D6FD4F /* QLSTabBar.m in Sources */ = {isa = PBXBuildFile; fileRef = 3EDEFE3C1D2C9EF000D6FD4F /* QLSTabBar.m */; };
		3EDEFE451D2C9EF000D6FD4F /* QLSTabBarController.m in Sources */ = {isa = PBXBuildFile; fileRef = 3EDEFE3E1D2C9EF000D6FD4F /* QLSTabBarController.m */; };
		3EDEFE461D2C9EF000D6FD4F /* QLSTabItem.m in Sources */ = {isa = PBXBuildFile; fileRef = 3EDEFE401D2C9EF000D6FD4F /* QLSTabItem.m */; };
/* End PBXBuildFile section */

/* Begin PBXContainerItemProxy section */
		3E30FBB61CE422C7009E9F9C /* PBXContainerItemProxy */ = {
			isa = PBXContainerItemProxy;
			containerPortal = 3E30FB941CE422C7009E9F9C /* Project object */;
			proxyType = 1;
			remoteGlobalIDString = 3E30FB9B1CE422C7009E9F9C;
			remoteInfo = QLSNavTab;
		};
		3E30FBC11CE422C7009E9F9C /* PBXContainerItemProxy */ = {
			isa = PBXContainerItemProxy;
			containerPortal = 3E30FB941CE422C7009E9F9C /* Project object */;
			proxyType = 1;
			remoteGlobalIDString = 3E30FB9B1CE422C7009E9F9C;
			remoteInfo = QLSNavTab;
		};
/* End PBXContainerItemProxy section */

/* Begin PBXFileReference section */
		3E30FB9C1CE422C7009E9F9C /* QLSNavTab.app */ = {isa = PBXFileReference; explicitFileType = wrapper.application; includeInIndex = 0; path = QLSNavTab.app; sourceTree = BUILT_PRODUCTS_DIR; };
		3E30FBA01CE422C7009E9F9C /* main.m */ = {isa = PBXFileReference; lastKnownFileType = sourcecode.c.objc; path = main.m; sourceTree = "<group>"; };
		3E30FBB01CE422C7009E9F9C /* Info.plist */ = {isa = PBXFileReference; lastKnownFileType = text.plist.xml; path = Info.plist; sourceTree = "<group>"; };
		3E30FBB51CE422C7009E9F9C /* QLSNavTabTests.xctest */ = {isa = PBXFileReference; explicitFileType = wrapper.cfbundle; includeInIndex = 0; path = QLSNavTabTests.xctest; sourceTree = BUILT_PRODUCTS_DIR; };
		3E30FBC01CE422C7009E9F9C /* QLSNavTabUITests.xctest */ = {isa = PBXFileReference; explicitFileType = wrapper.cfbundle; includeInIndex = 0; path = QLSNavTabUITests.xctest; sourceTree = BUILT_PRODUCTS_DIR; };
		3E30FBD81CE4282C009E9F9C /* MainController.h */ = {isa = PBXFileReference; fileEncoding = 4; lastKnownFileType = sourcecode.c.h; path = MainController.h; sourceTree = "<group>"; };
		3E30FBD91CE4282C009E9F9C /* MainController.m */ = {isa = PBXFileReference; fileEncoding = 4; lastKnownFileType = sourcecode.c.objc; path = MainController.m; sourceTree = "<group>"; };
		3E30FBDD1CE4282C009E9F9C /* AppDelegate.h */ = {isa = PBXFileReference; fileEncoding = 4; lastKnownFileType = sourcecode.c.h; path = AppDelegate.h; sourceTree = "<group>"; };
		3E30FBDE1CE4282C009E9F9C /* AppDelegate.m */ = {isa = PBXFileReference; fileEncoding = 4; lastKnownFileType = sourcecode.c.objc; path = AppDelegate.m; sourceTree = "<group>"; };
		3E86599A1CE5A31200437D0C /* Three.storyboard */ = {isa = PBXFileReference; fileEncoding = 4; lastKnownFileType = file.storyboard; path = Three.storyboard; sourceTree = "<group>"; };
		3E86C6521CE4AE9F00AC4BBD /* toolsDemo.pch */ = {isa = PBXFileReference; fileEncoding = 4; lastKnownFileType = sourcecode.c.h; path = toolsDemo.pch; sourceTree = "<group>"; };
		3E86C6531CE4B67700AC4BBD /* Assets.xcassets */ = {isa = PBXFileReference; lastKnownFileType = folder.assetcatalog; path = Assets.xcassets; sourceTree = "<group>"; };
		3E86C6551CE4BA6100AC4BBD /* OneController.h */ = {isa = PBXFileReference; fileEncoding = 4; lastKnownFileType = sourcecode.c.h; path = OneController.h; sourceTree = "<group>"; };
		3E86C6561CE4BA6100AC4BBD /* OneController.m */ = {isa = PBXFileReference; fileEncoding = 4; lastKnownFileType = sourcecode.c.objc; path = OneController.m; sourceTree = "<group>"; };
		3E86C65B1CE4BAC700AC4BBD /* TwoController.h */ = {isa = PBXFileReference; fileEncoding = 4; lastKnownFileType = sourcecode.c.h; path = TwoController.h; sourceTree = "<group>"; };
		3E86C65C1CE4BAC700AC4BBD /* TwoController.m */ = {isa = PBXFileReference; fileEncoding = 4; lastKnownFileType = sourcecode.c.objc; path = TwoController.m; sourceTree = "<group>"; };
		3E86C6611CE4BAEA00AC4BBD /* ThreeController.h */ = {isa = PBXFileReference; fileEncoding = 4; lastKnownFileType = sourcecode.c.h; path = ThreeController.h; sourceTree = "<group>"; };
		3E86C6621CE4BAEA00AC4BBD /* ThreeController.m */ = {isa = PBXFileReference; fileEncoding = 4; lastKnownFileType = sourcecode.c.objc; path = ThreeController.m; sourceTree = "<group>"; };
		3E86C6641CE4BAF900AC4BBD /* FourController.h */ = {isa = PBXFileReference; fileEncoding = 4; lastKnownFileType = sourcecode.c.h; path = FourController.h; sourceTree = "<group>"; };
		3E86C6651CE4BAF900AC4BBD /* FourController.m */ = {isa = PBXFileReference; fileEncoding = 4; lastKnownFileType = sourcecode.c.objc; path = FourController.m; sourceTree = "<group>"; };
		3EDEFE351D2C9EF000D6FD4F /* UIBarButtonItem+QLS.h */ = {isa = PBXFileReference; fileEncoding = 4; lastKnownFileType = sourcecode.c.h; path = "UIBarButtonItem+QLS.h"; sourceTree = "<group>"; };
		3EDEFE361D2C9EF000D6FD4F /* UIBarButtonItem+QLS.m */ = {isa = PBXFileReference; fileEncoding = 4; lastKnownFileType = sourcecode.c.objc; path = "UIBarButtonItem+QLS.m"; sourceTree = "<group>"; };
		3EDEFE371D2C9EF000D6FD4F /* UINavigationItem+Custom.h */ = {isa = PBXFileReference; fileEncoding = 4; lastKnownFileType = sourcecode.c.h; path = "UINavigationItem+Custom.h"; sourceTree = "<group>"; };
		3EDEFE381D2C9EF000D6FD4F /* UINavigationItem+Custom.m */ = {isa = PBXFileReference; fileEncoding = 4; lastKnownFileType = sourcecode.c.objc; path = "UINavigationItem+Custom.m"; sourceTree = "<group>"; };
		3EDEFE391D2C9EF000D6FD4F /* QLSNavigationController.h */ = {isa = PBXFileReference; fileEncoding = 4; lastKnownFileType = sourcecode.c.h; path = QLSNavigationController.h; sourceTree = "<group>"; };
		3EDEFE3A1D2C9EF000D6FD4F /* QLSNavigationController.m */ = {isa = PBXFileReference; fileEncoding = 4; lastKnownFileType = sourcecode.c.objc; path = QLSNavigationController.m; sourceTree = "<group>"; };
		3EDEFE3B1D2C9EF000D6FD4F /* QLSTabBar.h */ = {isa = PBXFileReference; fileEncoding = 4; lastKnownFileType = sourcecode.c.h; path = QLSTabBar.h; sourceTree = "<group>"; };
		3EDEFE3C1D2C9EF000D6FD4F /* QLSTabBar.m */ = {isa = PBXFileReference; fileEncoding = 4; lastKnownFileType = sourcecode.c.objc; path = QLSTabBar.m; sourceTree = "<group>"; };
		3EDEFE3D1D2C9EF000D6FD4F /* QLSTabBarController.h */ = {isa = PBXFileReference; fileEncoding = 4; lastKnownFileType = sourcecode.c.h; path = QLSTabBarController.h; sourceTree = "<group>"; };
		3EDEFE3E1D2C9EF000D6FD4F /* QLSTabBarController.m */ = {isa = PBXFileReference; fileEncoding = 4; lastKnownFileType = sourcecode.c.objc; path = QLSTabBarController.m; sourceTree = "<group>"; };
		3EDEFE3F1D2C9EF000D6FD4F /* QLSTabItem.h */ = {isa = PBXFileReference; fileEncoding = 4; lastKnownFileType = sourcecode.c.h; path = QLSTabItem.h; sourceTree = "<group>"; };
		3EDEFE401D2C9EF000D6FD4F /* QLSTabItem.m */ = {isa = PBXFileReference; fileEncoding = 4; lastKnownFileType = sourcecode.c.objc; path = QLSTabItem.m; sourceTree = "<group>"; };
/* End PBXFileReference section */

/* Begin PBXFrameworksBuildPhase section */
		3E30FB991CE422C7009E9F9C /* Frameworks */ = {
			isa = PBXFrameworksBuildPhase;
			buildActionMask = 2147483647;
			files = (
			);
			runOnlyForDeploymentPostprocessing = 0;
		};
		3E30FBB21CE422C7009E9F9C /* Frameworks */ = {
			isa = PBXFrameworksBuildPhase;
			buildActionMask = 2147483647;
			files = (
			);
			runOnlyForDeploymentPostprocessing = 0;
		};
		3E30FBBD1CE422C7009E9F9C /* Frameworks */ = {
			isa = PBXFrameworksBuildPhase;
			buildActionMask = 2147483647;
			files = (
			);
			runOnlyForDeploymentPostprocessing = 0;
		};
/* End PBXFrameworksBuildPhase section */

/* Begin PBXGroup section */
		3E30FB931CE422C7009E9F9C = {
			isa = PBXGroup;
			children = (
				3E30FB9E1CE422C7009E9F9C /* QLSNavTab */,
				3E30FB9D1CE422C7009E9F9C /* Products */,
			);
			sourceTree = "<group>";
		};
		3E30FB9D1CE422C7009E9F9C /* Products */ = {
			isa = PBXGroup;
			children = (
				3E30FB9C1CE422C7009E9F9C /* QLSNavTab.app */,
				3E30FBB51CE422C7009E9F9C /* QLSNavTabTests.xctest */,
				3E30FBC01CE422C7009E9F9C /* QLSNavTabUITests.xctest */,
			);
			name = Products;
			sourceTree = "<group>";
		};
		3E30FB9E1CE422C7009E9F9C /* QLSNavTab */ = {
			isa = PBXGroup;
			children = (
				3EDEFE331D2C9EF000D6FD4F /* QLSNavTab */,
				3E30FBD31CE4282C009E9F9C /* Classes */,
				3E30FBB01CE422C7009E9F9C /* Info.plist */,
				3E30FB9F1CE422C7009E9F9C /* Supporting Files */,
			);
			path = QLSNavTab;
			sourceTree = "<group>";
		};
		3E30FB9F1CE422C7009E9F9C /* Supporting Files */ = {
			isa = PBXGroup;
			children = (
				3E86C6531CE4B67700AC4BBD /* Assets.xcassets */,
				3E86C6521CE4AE9F00AC4BBD /* toolsDemo.pch */,
				3E30FBA01CE422C7009E9F9C /* main.m */,
			);
			name = "Supporting Files";
			sourceTree = "<group>";
		};
		3E30FBD31CE4282C009E9F9C /* Classes */ = {
			isa = PBXGroup;
			children = (
				3E30FBD61CE4282C009E9F9C /* Main */,
				3E30FBDC1CE4282C009E9F9C /* Others */,
				3E30FBDA1CE4282C009E9F9C /* One */,
				3E30FBE31CE4282C009E9F9C /* Two */,
				3E30FBE11CE4282C009E9F9C /* Three */,
				3E30FBD41CE4282C009E9F9C /* Four */,
			);
			path = Classes;
			sourceTree = "<group>";
		};
		3E30FBD41CE4282C009E9F9C /* Four */ = {
			isa = PBXGroup;
			children = (
				3E30FBD51CE4282C009E9F9C /* Controller */,
			);
			path = Four;
			sourceTree = "<group>";
		};
		3E30FBD51CE4282C009E9F9C /* Controller */ = {
			isa = PBXGroup;
			children = (
				3E86C6641CE4BAF900AC4BBD /* FourController.h */,
				3E86C6651CE4BAF900AC4BBD /* FourController.m */,
			);
			path = Controller;
			sourceTree = "<group>";
		};
		3E30FBD61CE4282C009E9F9C /* Main */ = {
			isa = PBXGroup;
			children = (
				3E30FBD71CE4282C009E9F9C /* Controller */,
			);
			path = Main;
			sourceTree = "<group>";
		};
		3E30FBD71CE4282C009E9F9C /* Controller */ = {
			isa = PBXGroup;
			children = (
				3E30FBD81CE4282C009E9F9C /* MainController.h */,
				3E30FBD91CE4282C009E9F9C /* MainController.m */,
			);
			path = Controller;
			sourceTree = "<group>";
		};
		3E30FBDA1CE4282C009E9F9C /* One */ = {
			isa = PBXGroup;
			children = (
				3E30FBDB1CE4282C009E9F9C /* Controller */,
			);
			path = One;
			sourceTree = "<group>";
		};
		3E30FBDB1CE4282C009E9F9C /* Controller */ = {
			isa = PBXGroup;
			children = (
				3E86C6551CE4BA6100AC4BBD /* OneController.h */,
				3E86C6561CE4BA6100AC4BBD /* OneController.m */,
			);
			path = Controller;
			sourceTree = "<group>";
		};
		3E30FBDC1CE4282C009E9F9C /* Others */ = {
			isa = PBXGroup;
			children = (
				3E30FBDD1CE4282C009E9F9C /* AppDelegate.h */,
				3E30FBDE1CE4282C009E9F9C /* AppDelegate.m */,
			);
			path = Others;
			sourceTree = "<group>";
		};
		3E30FBE11CE4282C009E9F9C /* Three */ = {
			isa = PBXGroup;
			children = (
				3E30FBE21CE4282C009E9F9C /* Controller */,
			);
			path = Three;
			sourceTree = "<group>";
		};
		3E30FBE21CE4282C009E9F9C /* Controller */ = {
			isa = PBXGroup;
			children = (
				3E86C6611CE4BAEA00AC4BBD /* ThreeController.h */,
				3E86C6621CE4BAEA00AC4BBD /* ThreeController.m */,
				3E86599A1CE5A31200437D0C /* Three.storyboard */,
			);
			path = Controller;
			sourceTree = "<group>";
		};
		3E30FBE31CE4282C009E9F9C /* Two */ = {
			isa = PBXGroup;
			children = (
				3E30FBE41CE4282C009E9F9C /* Controller */,
			);
			path = Two;
			sourceTree = "<group>";
		};
		3E30FBE41CE4282C009E9F9C /* Controller */ = {
			isa = PBXGroup;
			children = (
				3E86C65B1CE4BAC700AC4BBD /* TwoController.h */,
				3E86C65C1CE4BAC700AC4BBD /* TwoController.m */,
			);
			path = Controller;
			sourceTree = "<group>";
		};
		3EDEFE331D2C9EF000D6FD4F /* QLSNavTab */ = {
			isa = PBXGroup;
			children = (
				3EDEFE341D2C9EF000D6FD4F /* Category */,
				3EDEFE391D2C9EF000D6FD4F /* QLSNavigationController.h */,
				3EDEFE3A1D2C9EF000D6FD4F /* QLSNavigationController.m */,
				3EDEFE3B1D2C9EF000D6FD4F /* QLSTabBar.h */,
				3EDEFE3C1D2C9EF000D6FD4F /* QLSTabBar.m */,
				3EDEFE3D1D2C9EF000D6FD4F /* QLSTabBarController.h */,
				3EDEFE3E1D2C9EF000D6FD4F /* QLSTabBarController.m */,
				3EDEFE3F1D2C9EF000D6FD4F /* QLSTabItem.h */,
				3EDEFE401D2C9EF000D6FD4F /* QLSTabItem.m */,
			);
			path = QLSNavTab;
			sourceTree = "<group>";
		};
		3EDEFE341D2C9EF000D6FD4F /* Category */ = {
			isa = PBXGroup;
			children = (
				3EDEFE351D2C9EF000D6FD4F /* UIBarButtonItem+QLS.h */,
				3EDEFE361D2C9EF000D6FD4F /* UIBarButtonItem+QLS.m */,
				3EDEFE371D2C9EF000D6FD4F /* UINavigationItem+Custom.h */,
				3EDEFE381D2C9EF000D6FD4F /* UINavigationItem+Custom.m */,
			);
			path = Category;
			sourceTree = "<group>";
		};
/* End PBXGroup section */

/* Begin PBXNativeTarget section */
		3E30FB9B1CE422C7009E9F9C /* QLSNavTab */ = {
			isa = PBXNativeTarget;
			buildConfigurationList = 3E30FBC91CE422C7009E9F9C /* Build configuration list for PBXNativeTarget "QLSNavTab" */;
			buildPhases = (
				3E30FB981CE422C7009E9F9C /* Sources */,
				3E30FB991CE422C7009E9F9C /* Frameworks */,
				3E30FB9A1CE422C7009E9F9C /* Resources */,
			);
			buildRules = (
			);
			dependencies = (
			);
			name = QLSNavTab;
			productName = QLSNavTab;
			productReference = 3E30FB9C1CE422C7009E9F9C /* QLSNavTab.app */;
			productType = "com.apple.product-type.application";
		};
		3E30FBB41CE422C7009E9F9C /* QLSNavTabTests */ = {
			isa = PBXNativeTarget;
			buildConfigurationList = 3E30FBCC1CE422C7009E9F9C /* Build configuration list for PBXNativeTarget "QLSNavTabTests" */;
			buildPhases = (
				3E30FBB11CE422C7009E9F9C /* Sources */,
				3E30FBB21CE422C7009E9F9C /* Frameworks */,
				3E30FBB31CE422C7009E9F9C /* Resources */,
			);
			buildRules = (
			);
			dependencies = (
				3E30FBB71CE422C7009E9F9C /* PBXTargetDependency */,
			);
			name = QLSNavTabTests;
			productName = QLSNavTabTests;
			productReference = 3E30FBB51CE422C7009E9F9C /* QLSNavTabTests.xctest */;
			productType = "com.apple.product-type.bundle.unit-test";
		};
		3E30FBBF1CE422C7009E9F9C /* QLSNavTabUITests */ = {
			isa = PBXNativeTarget;
			buildConfigurationList = 3E30FBCF1CE422C7009E9F9C /* Build configuration list for PBXNativeTarget "QLSNavTabUITests" */;
			buildPhases = (
				3E30FBBC1CE422C7009E9F9C /* Sources */,
				3E30FBBD1CE422C7009E9F9C /* Frameworks */,
				3E30FBBE1CE422C7009E9F9C /* Resources */,
			);
			buildRules = (
			);
			dependencies = (
				3E30FBC21CE422C7009E9F9C /* PBXTargetDependency */,
			);
			name = QLSNavTabUITests;
			productName = QLSNavTabUITests;
			productReference = 3E30FBC01CE422C7009E9F9C /* QLSNavTabUITests.xctest */;
			productType = "com.apple.product-type.bundle.ui-testing";
		};
/* End PBXNativeTarget section */

/* Begin PBXProject section */
		3E30FB941CE422C7009E9F9C /* Project object */ = {
			isa = PBXProject;
			attributes = {
				LastUpgradeCheck = 0700;
				ORGANIZATIONNAME = QLS;
				TargetAttributes = {
					3E30FB9B1CE422C7009E9F9C = {
						CreatedOnToolsVersion = 7.0;
					};
					3E30FBB41CE422C7009E9F9C = {
						CreatedOnToolsVersion = 7.0;
						TestTargetID = 3E30FB9B1CE422C7009E9F9C;
					};
					3E30FBBF1CE422C7009E9F9C = {
						CreatedOnToolsVersion = 7.0;
						TestTargetID = 3E30FB9B1CE422C7009E9F9C;
					};
				};
			};
			buildConfigurationList = 3E30FB971CE422C7009E9F9C /* Build configuration list for PBXProject "QLSNavTab" */;
			compatibilityVersion = "Xcode 3.2";
			developmentRegion = English;
			hasScannedForEncodings = 0;
			knownRegions = (
				en,
				Base,
			);
			mainGroup = 3E30FB931CE422C7009E9F9C;
			productRefGroup = 3E30FB9D1CE422C7009E9F9C /* Products */;
			projectDirPath = "";
			projectRoot = "";
			targets = (
				3E30FB9B1CE422C7009E9F9C /* QLSNavTab */,
				3E30FBB41CE422C7009E9F9C /* QLSNavTabTests */,
				3E30FBBF1CE422C7009E9F9C /* QLSNavTabUITests */,
			);
		};
/* End PBXProject section */

/* Begin PBXResourcesBuildPhase section */
		3E30FB9A1CE422C7009E9F9C /* Resources */ = {
			isa = PBXResourcesBuildPhase;
			buildActionMask = 2147483647;
			files = (
				3E86C6541CE4B67700AC4BBD /* Assets.xcassets in Resources */,
				3E86599B1CE5A31200437D0C /* Three.storyboard in Resources */,
			);
			runOnlyForDeploymentPostprocessing = 0;
		};
		3E30FBB31CE422C7009E9F9C /* Resources */ = {
			isa = PBXResourcesBuildPhase;
			buildActionMask = 2147483647;
			files = (
			);
			runOnlyForDeploymentPostprocessing = 0;
		};
		3E30FBBE1CE422C7009E9F9C /* Resources */ = {
			isa = PBXResourcesBuildPhase;
			buildActionMask = 2147483647;
			files = (
			);
			runOnlyForDeploymentPostprocessing = 0;
		};
/* End PBXResourcesBuildPhase section */

/* Begin PBXSourcesBuildPhase section */
		3E30FB981CE422C7009E9F9C /* Sources */ = {
			isa = PBXSourcesBuildPhase;
			buildActionMask = 2147483647;
			files = (
				3EDEFE421D2C9EF000D6FD4F /* UINavigationItem+Custom.m in Sources */,
				3EDEFE461D2C9EF000D6FD4F /* QLSTabItem.m in Sources */,
				3E86C6631CE4BAEA00AC4BBD /* ThreeController.m in Sources */,
				3EDEFE441D2C9EF000D6FD4F /* QLSTabBar.m in Sources */,
				3EDEFE411D2C9EF000D6FD4F /* UIBarButtonItem+QLS.m in Sources */,
				3EDEFE451D2C9EF000D6FD4F /* QLSTabBarController.m in Sources */,
				3E86C65D1CE4BAC700AC4BBD /* TwoController.m in Sources */,
				3EDEFE431D2C9EF000D6FD4F /* QLSNavigationController.m in Sources */,
				3E30FBE51CE4282C009E9F9C /* MainController.m in Sources */,
				3E86C6661CE4BAF900AC4BBD /* FourController.m in Sources */,
				3E30FBA11CE422C7009E9F9C /* main.m in Sources */,
				3E86C6571CE4BA6100AC4BBD /* OneController.m in Sources */,
				3E30FBE61CE4282C009E9F9C /* AppDelegate.m in Sources */,
			);
			runOnlyForDeploymentPostprocessing = 0;
		};
		3E30FBB11CE422C7009E9F9C /* Sources */ = {
			isa = PBXSourcesBuildPhase;
			buildActionMask = 2147483647;
			files = (
			);
			runOnlyForDeploymentPostprocessing = 0;
		};
		3E30FBBC1CE422C7009E9F9C /* Sources */ = {
			isa = PBXSourcesBuildPhase;
			buildActionMask = 2147483647;
			files = (
			);
			runOnlyForDeploymentPostprocessing = 0;
		};
/* End PBXSourcesBuildPhase section */

/* Begin PBXTargetDependency section */
		3E30FBB71CE422C7009E9F9C /* PBXTargetDependency */ = {
			isa = PBXTargetDependency;
			target = 3E30FB9B1CE422C7009E9F9C /* QLSNavTab */;
			targetProxy = 3E30FBB61CE422C7009E9F9C /* PBXContainerItemProxy */;
		};
		3E30FBC21CE422C7009E9F9C /* PBXTargetDependency */ = {
			isa = PBXTargetDependency;
			target = 3E30FB9B1CE422C7009E9F9C /* QLSNavTab */;
			targetProxy = 3E30FBC11CE422C7009E9F9C /* PBXContainerItemProxy */;
		};
/* End PBXTargetDependency section */

/* Begin XCBuildConfiguration section */
		3E30FBC71CE422C7009E9F9C /* Debug */ = {
			isa = XCBuildConfiguration;
			buildSettings = {
				ALWAYS_SEARCH_USER_PATHS = NO;
				CLANG_CXX_LANGUAGE_STANDARD = "gnu++0x";
				CLANG_CXX_LIBRARY = "libc++";
				CLANG_ENABLE_MODULES = YES;
				CLANG_ENABLE_OBJC_ARC = YES;
				CLANG_WARN_BOOL_CONVERSION = YES;
				CLANG_WARN_CONSTANT_CONVERSION = YES;
				CLANG_WARN_DIRECT_OBJC_ISA_USAGE = YES_ERROR;
				CLANG_WARN_EMPTY_BODY = YES;
				CLANG_WARN_ENUM_CONVERSION = YES;
				CLANG_WARN_INT_CONVERSION = YES;
				CLANG_WARN_OBJC_ROOT_CLASS = YES_ERROR;
				CLANG_WARN_UNREACHABLE_CODE = YES;
				CLANG_WARN__DUPLICATE_METHOD_MATCH = YES;
				"CODE_SIGN_IDENTITY[sdk=iphoneos*]" = "iPhone Developer";
				COPY_PHASE_STRIP = NO;
				DEBUG_INFORMATION_FORMAT = dwarf;
				ENABLE_STRICT_OBJC_MSGSEND = YES;
				ENABLE_TESTABILITY = YES;
				GCC_C_LANGUAGE_STANDARD = gnu99;
				GCC_DYNAMIC_NO_PIC = NO;
				GCC_NO_COMMON_BLOCKS = YES;
				GCC_OPTIMIZATION_LEVEL = 0;
				GCC_PREPROCESSOR_DEFINITIONS = (
					"DEBUG=1",
					"$(inherited)",
				);
				GCC_WARN_64_TO_32_BIT_CONVERSION = YES;
				GCC_WARN_ABOUT_RETURN_TYPE = YES_ERROR;
				GCC_WARN_UNDECLARED_SELECTOR = YES;
				GCC_WARN_UNINITIALIZED_AUTOS = YES_AGGRESSIVE;
				GCC_WARN_UNUSED_FUNCTION = YES;
				GCC_WARN_UNUSED_VARIABLE = YES;
				IPHONEOS_DEPLOYMENT_TARGET = 9.0;
				MTL_ENABLE_DEBUG_INFO = YES;
				ONLY_ACTIVE_ARCH = YES;
				SDKROOT = iphoneos;
				TARGETED_DEVICE_FAMILY = "1,2";
			};
			name = Debug;
		};
		3E30FBC81CE422C7009E9F9C /* Release */ = {
			isa = XCBuildConfiguration;
			buildSettings = {
				ALWAYS_SEARCH_USER_PATHS = NO;
				CLANG_CXX_LANGUAGE_STANDARD = "gnu++0x";
				CLANG_CXX_LIBRARY = "libc++";
				CLANG_ENABLE_MODULES = YES;
				CLANG_ENABLE_OBJC_ARC = YES;
				CLANG_WARN_BOOL_CONVERSION = YES;
				CLANG_WARN_CONSTANT_CONVERSION = YES;
				CLANG_WARN_DIRECT_OBJC_ISA_USAGE = YES_ERROR;
				CLANG_WARN_EMPTY_BODY = YES;
				CLANG_WARN_ENUM_CONVERSION = YES;
				CLANG_WARN_INT_CONVERSION = YES;
				CLANG_WARN_OBJC_ROOT_CLASS = YES_ERROR;
				CLANG_WARN_UNREACHABLE_CODE = YES;
				CLANG_WARN__DUPLICATE_METHOD_MATCH = YES;
				"CODE_SIGN_IDENTITY[sdk=iphoneos*]" = "iPhone Developer";
				COPY_PHASE_STRIP = NO;
				DEBUG_INFORMATION_FORMAT = "dwarf-with-dsym";
				ENABLE_NS_ASSERTIONS = NO;
				ENABLE_STRICT_OBJC_MSGSEND = YES;
				GCC_C_LANGUAGE_STANDARD = gnu99;
				GCC_NO_COMMON_BLOCKS = YES;
				GCC_WARN_64_TO_32_BIT_CONVERSION = YES;
				GCC_WARN_ABOUT_RETURN_TYPE = YES_ERROR;
				GCC_WARN_UNDECLARED_SELECTOR = YES;
				GCC_WARN_UNINITIALIZED_AUTOS = YES_AGGRESSIVE;
				GCC_WARN_UNUSED_FUNCTION = YES;
				GCC_WARN_UNUSED_VARIABLE = YES;
				IPHONEOS_DEPLOYMENT_TARGET = 9.0;
				MTL_ENABLE_DEBUG_INFO = NO;
				SDKROOT = iphoneos;
				TARGETED_DEVICE_FAMILY = "1,2";
				VALIDATE_PRODUCT = YES;
			};
			name = Release;
		};
		3E30FBCA1CE422C7009E9F9C /* Debug */ = {
			isa = XCBuildConfiguration;
			buildSettings = {
				ASSETCATALOG_COMPILER_APPICON_NAME = AppIcon;
				DEVELOPMENT_TEAM = "";
				GCC_PREFIX_HEADER = QLSNavTab/toolsDemo.pch;
				INFOPLIST_FILE = QLSNavTab/Info.plist;
				LD_RUNPATH_SEARCH_PATHS = "$(inherited) @executable_path/Frameworks";
				PRODUCT_BUNDLE_IDENTIFIER = qls.toolsDemo;
				PRODUCT_NAME = "$(TARGET_NAME)";
			};
			name = Debug;
		};
		3E30FBCB1CE422C7009E9F9C /* Release */ = {
			isa = XCBuildConfiguration;
			buildSettings = {
				ASSETCATALOG_COMPILER_APPICON_NAME = AppIcon;
				DEVELOPMENT_TEAM = "";
				GCC_PREFIX_HEADER = QLSNavTab/toolsDemo.pch;
				INFOPLIST_FILE = QLSNavTab/Info.plist;
				LD_RUNPATH_SEARCH_PATHS = "$(inherited) @executable_path/Frameworks";
				PRODUCT_BUNDLE_IDENTIFIER = qls.toolsDemo;
				PRODUCT_NAME = "$(TARGET_NAME)";
			};
			name = Release;
		};
		3E30FBCD1CE422C7009E9F9C /* Debug */ = {
			isa = XCBuildConfiguration;
			buildSettings = {
				BUNDLE_LOADER = "$(TEST_HOST)";
				INFOPLIST_FILE = QLSNavTabTests/Info.plist;
				LD_RUNPATH_SEARCH_PATHS = "$(inherited) @executable_path/Frameworks @loader_path/Frameworks";
				PRODUCT_BUNDLE_IDENTIFIER = qls.QLSNavTabTests;
				PRODUCT_NAME = "$(TARGET_NAME)";
				TEST_HOST = "$(BUILT_PRODUCTS_DIR)/QLSNavTab.app/QLSNavTab";
			};
			name = Debug;
		};
		3E30FBCE1CE422C7009E9F9C /* Release */ = {
			isa = XCBuildConfiguration;
			buildSettings = {
				BUNDLE_LOADER = "$(TEST_HOST)";
				INFOPLIST_FILE = QLSNavTabTests/Info.plist;
				LD_RUNPATH_SEARCH_PATHS = "$(inherited) @executable_path/Frameworks @loader_path/Frameworks";
				PRODUCT_BUNDLE_IDENTIFIER = qls.QLSNavTabTests;
				PRODUCT_NAME = "$(TARGET_NAME)";
				TEST_HOST = "$(BUILT_PRODUCTS_DIR)/QLSNavTab.app/QLSNavTab";
			};
			name = Release;
		};
		3E30FBD01CE422C7009E9F9C /* Debug */ = {
			isa = XCBuildConfiguration;
			buildSettings = {
				INFOPLIST_FILE = QLSNavTabUITests/Info.plist;
				LD_RUNPATH_SEARCH_PATHS = "$(inherited) @executable_path/Frameworks @loader_path/Frameworks";
				PRODUCT_BUNDLE_IDENTIFIER = qls.QLSNavTabUITests;
				PRODUCT_NAME = "$(TARGET_NAME)";
				TEST_TARGET_NAME = QLSNavTab;
				USES_XCTRUNNER = YES;
			};
			name = Debug;
		};
		3E30FBD11CE422C7009E9F9C /* Release */ = {
			isa = XCBuildConfiguration;
			buildSettings = {
				INFOPLIST_FILE = QLSNavTabUITests/Info.plist;
				LD_RUNPATH_SEARCH_PATHS = "$(inherited) @executable_path/Frameworks @loader_path/Frameworks";
				PRODUCT_BUNDLE_IDENTIFIER = qls.QLSNavTabUITests;
				PRODUCT_NAME = "$(TARGET_NAME)";
				TEST_TARGET_NAME = QLSNavTab;
				USES_XCTRUNNER = YES;
			};
			name = Release;
		};
/* End XCBuildConfiguration section */

/* Begin XCConfigurationList section */
		3E30FB971CE422C7009E9F9C /* Build configuration list for PBXProject "QLSNavTab" */ = {
			isa = XCConfigurationList;
			buildConfigurations = (
				3E30FBC71CE422C7009E9F9C /* Debug */,
				3E30FBC81CE422C7009E9F9C /* Release */,
			);
			defaultConfigurationIsVisible = 0;
			defaultConfigurationName = Release;
		};
		3E30FBC91CE422C7009E9F9C /* Build configuration list for PBXNativeTarget "QLSNavTab" */ = {
			isa = XCConfigurationList;
			buildConfigurations = (
				3E30FBCA1CE422C7009E9F9C /* Debug */,
				3E30FBCB1CE422C7009E9F9C /* Release */,
			);
			defaultConfigurationIsVisible = 0;
			defaultConfigurationName = Release;
		};
		3E30FBCC1CE422C7009E9F9C /* Build configuration list for PBXNativeTarget "QLSNavTabTests" */ = {
			isa = XCConfigurationList;
			buildConfigurations = (
				3E30FBCD1CE422C7009E9F9C /* Debug */,
				3E30FBCE1CE422C7009E9F9C /* Release */,
			);
			defaultConfigurationIsVisible = 0;
			defaultConfigurationName = Release;
		};
		3E30FBCF1CE422C7009E9F9C /* Build configuration list for PBXNativeTarget "QLSNavTabUITests" */ = {
			isa = XCConfigurationList;
			buildConfigurations = (
				3E30FBD01CE422C7009E9F9C /* Debug */,
				3E30FBD11CE422C7009E9F9C /* Release */,
			);
			defaultConfigurationIsVisible = 0;
			defaultConfigurationName = Release;
		};
/* End XCConfigurationList section */
	};
	rootObject = 3E30FB941CE422C7009E9F9C /* Project object */;
}
